
Microsoft Visual Studio Solution File, Format Version 12.00
# Visual Studio 15
VisualStudioVersion = 15.0.27130.2010
MinimumVisualStudioVersion = 10.0.40219.1
Project("{FAE04EC0-301F-11D3-BF4B-00C04F79EFBC}") = "MySportsBook.Model", "MySportsBookModel\MySportsBook.Model.csproj", "{4CD9F8A9-3F4F-4A8A-8CF1-AB7C38764807}"
EndProject
Project("{FAE04EC0-301F-11D3-BF4B-00C04F79EFBC}") = "MySportsBook.Api", "MySportsBook.Api\MySportsBook.Api.csproj", "{920D3B62-0F29-4A6D-AAA3-6D779067FA55}"
EndProject
Project("{FAE04EC0-301F-11D3-BF4B-00C04F79EFBC}") = "MySportsBook.Common", "MySportsBook.Common\MySportsBook.Common.csproj", "{2F4FF88B-651E-483D-8E1A-56A729C124D5}"
EndProject
Global
	GlobalSection(SolutionConfigurationPlatforms) = preSolution
		Debug|Any CPU = Debug|Any CPU
		Release|Any CPU = Release|Any CPU
	EndGlobalSection
	GlobalSection(ProjectConfigurationPlatforms) = postSolution
		{4CD9F8A9-3F4F-4A8A-8CF1-AB7C38764807}.Debug|Any CPU.ActiveCfg = Debug|Any CPU
		{4CD9F8A9-3F4F-4A8A-8CF1-AB7C38764807}.Debug|Any CPU.Build.0 = Debug|Any CPU
		{4CD9F8A9-3F4F-4A8A-8CF1-AB7C38764807}.Release|Any CPU.ActiveCfg = Release|Any CPU
		{4CD9F8A9-3F4F-4A8A-8CF1-AB7C38764807}.Release|Any CPU.Build.0 = Release|Any CPU
		{920D3B62-0F29-4A6D-AAA3-6D779067FA55}.Debug|Any CPU.ActiveCfg = Debug|Any CPU
		{920D3B62-0F29-4A6D-AAA3-6D779067FA55}.Debug|Any CPU.Build.0 = Debug|Any CPU
		{920D3B62-0F29-4A6D-AAA3-6D779067FA55}.Release|Any CPU.ActiveCfg = Release|Any CPU
		{920D3B62-0F29-4A6D-AAA3-6D779067FA55}.Release|Any CPU.Build.0 = Release|Any CPU
		{2F4FF88B-651E-483D-8E1A-56A729C124D5}.Debug|Any CPU.ActiveCfg = Debug|Any CPU
		{2F4FF88B-651E-483D-8E1A-56A729C124D5}.Debug|Any CPU.Build.0 = Debug|Any CPU
		{2F4FF88B-651E-483D-8E1A-56A729C124D5}.Release|Any CPU.ActiveCfg = Release|Any CPU
		{2F4FF88B-651E-483D-8E1A-56A729C124D5}.Release|Any CPU.Build.0 = Release|Any CPU
	EndGlobalSection
	GlobalSection(SolutionProperties) = preSolution
		HideSolutionNode = FALSE
	EndGlobalSection
	GlobalSection(ExtensibilityGlobals) = postSolution
		SolutionGuid = {E1B5A598-C4CD-4116-AA1A-D36F028E6114}
	EndGlobalSection
EndGlobal
